
Microsoft Visual Studio Solution File, Format Version 12.00
# Visual Studio Version 16
VisualStudioVersion = 16.0.32002.261
MinimumVisualStudioVersion = 10.0.40219.1
Project("{8BC9CEB8-8B4A-11D0-8D11-00A0C91BC942}") = "hwak", "hwak\hwak.vcxproj", "{5B1CDBAC-8DCE-44CB-8CA2-F1DC1E0BA6F8}"
EndProject
Global
	GlobalSection(SolutionConfigurationPlatforms) = preSolution
		Debug|x64 = Debug|x64
		Debug|x86 = Debug|x86
		Release|x64 = Release|x64
		Release|x86 = Release|x86
	EndGlobalSection
	GlobalSection(ProjectConfigurationPlatforms) = postSolution
		{5B1CDBAC-8DCE-44CB-8CA2-F1DC1E0BA6F8}.Debug|x64.ActiveCfg = Debug|x64
		{5B1CDBAC-8DCE-44CB-8CA2-F1DC1E0BA6F8}.Debug|x64.Build.0 = Debug|x64
		{5B1CDBAC-8DCE-44CB-8CA2-F1DC1E0BA6F8}.Debug|x86.ActiveCfg = Debug|Win32
		{5B1CDBAC-8DCE-44CB-8CA2-F1DC1E0BA6F8}.Debug|x86.Build.0 = Debug|Win32
		{5B1CDBAC-8DCE-44CB-8CA2-F1DC1E0BA6F8}.Release|x64.ActiveCfg = Release|x64
		{5B1CDBAC-8DCE-44CB-8CA2-F1DC1E0BA6F8}.Release|x64.Build.0 = Release|x64
		{5B1CDBAC-8DCE-44CB-8CA2-F1DC1E0BA6F8}.Release|x86.ActiveCfg = Release|Win32
		{5B1CDBAC-8DCE-44CB-8CA2-F1DC1E0BA6F8}.Release|x86.Build.0 = Release|Win32
	EndGlobalSection
	GlobalSection(SolutionProperties) = preSolution
		HideSolutionNode = FALSE
	EndGlobalSection
	GlobalSection(ExtensibilityGlobals) = postSolution
		SolutionGuid = {9BCF80FA-E566-457A-8C8C-A470C65AB60F}
	EndGlobalSection
EndGlobal
